// !$*UTF8*$!
{
	archiveVersion = 1;
	classes = {
	};
	objectVersion = 50;
	objects = {

/* Begin PBXBuildFile section */
		A4F0384425DB9E3A00AC7587 /* AppDelegate.swift in Sources */ = {isa = PBXBuildFile; fileRef = A4F0384325DB9E3A00AC7587 /* AppDelegate.swift */; };
		A4F0384625DB9E3A00AC7587 /* SceneDelegate.swift in Sources */ = {isa = PBXBuildFile; fileRef = A4F0384525DB9E3A00AC7587 /* SceneDelegate.swift */; };
		A4F0384825DB9E3A00AC7587 /* ViewController.swift in Sources */ = {isa = PBXBuildFile; fileRef = A4F0384725DB9E3A00AC7587 /* ViewController.swift */; };
		A4F0384B25DB9E3A00AC7587 /* Main.storyboard in Resources */ = {isa = PBXBuildFile; fileRef = A4F0384925DB9E3A00AC7587 /* Main.storyboard */; };
		A4F0384D25DB9E3C00AC7587 /* Assets.xcassets in Resources */ = {isa = PBXBuildFile; fileRef = A4F0384C25DB9E3C00AC7587 /* Assets.xcassets */; };
		A4F0385025DB9E3C00AC7587 /* LaunchScreen.storyboard in Resources */ = {isa = PBXBuildFile; fileRef = A4F0384E25DB9E3C00AC7587 /* LaunchScreen.storyboard */; };
		A4F0385B25DB9E3D00AC7587 /* TaskPart2Tests.swift in Sources */ = {isa = PBXBuildFile; fileRef = A4F0385A25DB9E3D00AC7587 /* TaskPart2Tests.swift */; };
		A4F0386625DB9E3D00AC7587 /* TaskPart2UITests.swift in Sources */ = {isa = PBXBuildFile; fileRef = A4F0386525DB9E3D00AC7587 /* TaskPart2UITests.swift */; };
/* End PBXBuildFile section */

/* Begin PBXContainerItemProxy section */
		A4F0385725DB9E3D00AC7587 /* PBXContainerItemProxy */ = {
			isa = PBXContainerItemProxy;
			containerPortal = A4F0383825DB9E3A00AC7587 /* Project object */;
			proxyType = 1;
			remoteGlobalIDString = A4F0383F25DB9E3A00AC7587;
			remoteInfo = TaskPart2;
		};
		A4F0386225DB9E3D00AC7587 /* PBXContainerItemProxy */ = {
			isa = PBXContainerItemProxy;
			containerPortal = A4F0383825DB9E3A00AC7587 /* Project object */;
			proxyType = 1;
			remoteGlobalIDString = A4F0383F25DB9E3A00AC7587;
			remoteInfo = TaskPart2;
		};
/* End PBXContainerItemProxy section */

/* Begin PBXFileReference section */
		A4F0384025DB9E3A00AC7587 /* TaskPart2.app */ = {isa = PBXFileReference; explicitFileType = wrapper.application; includeInIndex = 0; path = TaskPart2.app; sourceTree = BUILT_PRODUCTS_DIR; };
		A4F0384325DB9E3A00AC7587 /* AppDelegate.swift */ = {isa = PBXFileReference; lastKnownFileType = sourcecode.swift; path = AppDelegate.swift; sourceTree = "<group>"; };
		A4F0384525DB9E3A00AC7587 /* SceneDelegate.swift */ = {isa = PBXFileReference; lastKnownFileType = sourcecode.swift; path = SceneDelegate.swift; sourceTree = "<group>"; };
		A4F0384725DB9E3A00AC7587 /* ViewController.swift */ = {isa = PBXFileReference; lastKnownFileType = sourcecode.swift; path = ViewController.swift; sourceTree = "<group>"; };
		A4F0384A25DB9E3A00AC7587 /* Base */ = {isa = PBXFileReference; lastKnownFileType = file.storyboard; name = Base; path = Base.lproj/Main.storyboard; sourceTree = "<group>"; };
		A4F0384C25DB9E3C00AC7587 /* Assets.xcassets */ = {isa = PBXFileReference; lastKnownFileType = folder.assetcatalog; path = Assets.xcassets; sourceTree = "<group>"; };
		A4F0384F25DB9E3C00AC7587 /* Base */ = {isa = PBXFileReference; lastKnownFileType = file.storyboard; name = Base; path = Base.lproj/LaunchScreen.storyboard; sourceTree = "<group>"; };
		A4F0385125DB9E3C00AC7587 /* Info.plist */ = {isa = PBXFileReference; lastKnownFileType = text.plist.xml; path = Info.plist; sourceTree = "<group>"; };
		A4F0385625DB9E3D00AC7587 /* TaskPart2Tests.xctest */ = {isa = PBXFileReference; explicitFileType = wrapper.cfbundle; includeInIndex = 0; path = TaskPart2Tests.xctest; sourceTree = BUILT_PRODUCTS_DIR; };
		A4F0385A25DB9E3D00AC7587 /* TaskPart2Tests.swift */ = {isa = PBXFileReference; lastKnownFileType = sourcecode.swift; path = TaskPart2Tests.swift; sourceTree = "<group>"; };
		A4F0385C25DB9E3D00AC7587 /* Info.plist */ = {isa = PBXFileReference; lastKnownFileType = text.plist.xml; path = Info.plist; sourceTree = "<group>"; };
		A4F0386125DB9E3D00AC7587 /* TaskPart2UITests.xctest */ = {isa = PBXFileReference; explicitFileType = wrapper.cfbundle; includeInIndex = 0; path = TaskPart2UITests.xctest; sourceTree = BUILT_PRODUCTS_DIR; };
		A4F0386525DB9E3D00AC7587 /* TaskPart2UITests.swift */ = {isa = PBXFileReference; lastKnownFileType = sourcecode.swift; path = TaskPart2UITests.swift; sourceTree = "<group>"; };
		A4F0386725DB9E3D00AC7587 /* Info.plist */ = {isa = PBXFileReference; lastKnownFileType = text.plist.xml; path = Info.plist; sourceTree = "<group>"; };
/* End PBXFileReference section */

/* Begin PBXFrameworksBuildPhase section */
		A4F0383D25DB9E3A00AC7587 /* Frameworks */ = {
			isa = PBXFrameworksBuildPhase;
			buildActionMask = 2147483647;
			files = (
			);
			runOnlyForDeploymentPostprocessing = 0;
		};
		A4F0385325DB9E3D00AC7587 /* Frameworks */ = {
			isa = PBXFrameworksBuildPhase;
			buildActionMask = 2147483647;
			files = (
			);
			runOnlyForDeploymentPostprocessing = 0;
		};
		A4F0385E25DB9E3D00AC7587 /* Frameworks */ = {
			isa = PBXFrameworksBuildPhase;
			buildActionMask = 2147483647;
			files = (
			);
			runOnlyForDeploymentPostprocessing = 0;
		};
/* End PBXFrameworksBuildPhase section */

/* Begin PBXGroup section */
		A4F0383725DB9E3A00AC7587 = {
			isa = PBXGroup;
			children = (
				A4F0384225DB9E3A00AC7587 /* TaskPart2 */,
				A4F0385925DB9E3D00AC7587 /* TaskPart2Tests */,
				A4F0386425DB9E3D00AC7587 /* TaskPart2UITests */,
				A4F0384125DB9E3A00AC7587 /* Products */,
			);
			sourceTree = "<group>";
		};
		A4F0384125DB9E3A00AC7587 /* Products */ = {
			isa = PBXGroup;
			children = (
				A4F0384025DB9E3A00AC7587 /* TaskPart2.app */,
				A4F0385625DB9E3D00AC7587 /* TaskPart2Tests.xctest */,
				A4F0386125DB9E3D00AC7587 /* TaskPart2UITests.xctest */,
			);
			name = Products;
			sourceTree = "<group>";
		};
		A4F0384225DB9E3A00AC7587 /* TaskPart2 */ = {
			isa = PBXGroup;
			children = (
				A4F0384325DB9E3A00AC7587 /* AppDelegate.swift */,
				A4F0384525DB9E3A00AC7587 /* SceneDelegate.swift */,
				A4F0384725DB9E3A00AC7587 /* ViewController.swift */,
				A4F0384925DB9E3A00AC7587 /* Main.storyboard */,
				A4F0384C25DB9E3C00AC7587 /* Assets.xcassets */,
				A4F0384E25DB9E3C00AC7587 /* LaunchScreen.storyboard */,
				A4F0385125DB9E3C00AC7587 /* Info.plist */,
			);
			path = TaskPart2;
			sourceTree = "<group>";
		};
		A4F0385925DB9E3D00AC7587 /* TaskPart2Tests */ = {
			isa = PBXGroup;
			children = (
				A4F0385A25DB9E3D00AC7587 /* TaskPart2Tests.swift */,
				A4F0385C25DB9E3D00AC7587 /* Info.plist */,
			);
			path = TaskPart2Tests;
			sourceTree = "<group>";
		};
		A4F0386425DB9E3D00AC7587 /* TaskPart2UITests */ = {
			isa = PBXGroup;
			children = (
				A4F0386525DB9E3D00AC7587 /* TaskPart2UITests.swift */,
				A4F0386725DB9E3D00AC7587 /* Info.plist */,
			);
			path = TaskPart2UITests;
			sourceTree = "<group>";
		};
/* End PBXGroup section */

/* Begin PBXNativeTarget section */
		A4F0383F25DB9E3A00AC7587 /* TaskPart2 */ = {
			isa = PBXNativeTarget;
			buildConfigurationList = A4F0386A25DB9E3D00AC7587 /* Build configuration list for PBXNativeTarget "TaskPart2" */;
			buildPhases = (
				A4F0383C25DB9E3A00AC7587 /* Sources */,
				A4F0383D25DB9E3A00AC7587 /* Frameworks */,
				A4F0383E25DB9E3A00AC7587 /* Resources */,
			);
			buildRules = (
			);
			dependencies = (
			);
			name = TaskPart2;
			productName = TaskPart2;
			productReference = A4F0384025DB9E3A00AC7587 /* TaskPart2.app */;
			productType = "com.apple.product-type.application";
		};
		A4F0385525DB9E3D00AC7587 /* TaskPart2Tests */ = {
			isa = PBXNativeTarget;
			buildConfigurationList = A4F0386D25DB9E3D00AC7587 /* Build configuration list for PBXNativeTarget "TaskPart2Tests" */;
			buildPhases = (
				A4F0385225DB9E3D00AC7587 /* Sources */,
				A4F0385325DB9E3D00AC7587 /* Frameworks */,
				A4F0385425DB9E3D00AC7587 /* Resources */,
			);
			buildRules = (
			);
			dependencies = (
				A4F0385825DB9E3D00AC7587 /* PBXTargetDependency */,
			);
			name = TaskPart2Tests;
			productName = TaskPart2Tests;
			productReference = A4F0385625DB9E3D00AC7587 /* TaskPart2Tests.xctest */;
			productType = "com.apple.product-type.bundle.unit-test";
		};
		A4F0386025DB9E3D00AC7587 /* TaskPart2UITests */ = {
			isa = PBXNativeTarget;
			buildConfigurationList = A4F0387025DB9E3D00AC7587 /* Build configuration list for PBXNativeTarget "TaskPart2UITests" */;
			buildPhases = (
				A4F0385D25DB9E3D00AC7587 /* Sources */,
				A4F0385E25DB9E3D00AC7587 /* Frameworks */,
				A4F0385F25DB9E3D00AC7587 /* Resources */,
			);
			buildRules = (
			);
			dependencies = (
				A4F0386325DB9E3D00AC7587 /* PBXTargetDependency */,
			);
			name = TaskPart2UITests;
			productName = TaskPart2UITests;
			productReference = A4F0386125DB9E3D00AC7587 /* TaskPart2UITests.xctest */;
			productType = "com.apple.product-type.bundle.ui-testing";
		};
/* End PBXNativeTarget section */

/* Begin PBXProject section */
		A4F0383825DB9E3A00AC7587 /* Project object */ = {
			isa = PBXProject;
			attributes = {
				LastSwiftUpdateCheck = 1240;
				LastUpgradeCheck = 1240;
				TargetAttributes = {
					A4F0383F25DB9E3A00AC7587 = {
						CreatedOnToolsVersion = 12.4;
					};
					A4F0385525DB9E3D00AC7587 = {
						CreatedOnToolsVersion = 12.4;
						TestTargetID = A4F0383F25DB9E3A00AC7587;
					};
					A4F0386025DB9E3D00AC7587 = {
						CreatedOnToolsVersion = 12.4;
						TestTargetID = A4F0383F25DB9E3A00AC7587;
					};
				};
			};
			buildConfigurationList = A4F0383B25DB9E3A00AC7587 /* Build configuration list for PBXProject "TaskPart2" */;
			compatibilityVersion = "Xcode 9.3";
			developmentRegion = en;
			hasScannedForEncodings = 0;
			knownRegions = (
				en,
				Base,
			);
			mainGroup = A4F0383725DB9E3A00AC7587;
			productRefGroup = A4F0384125DB9E3A00AC7587 /* Products */;
			projectDirPath = "";
			projectRoot = "";
			targets = (
				A4F0383F25DB9E3A00AC7587 /* TaskPart2 */,
				A4F0385525DB9E3D00AC7587 /* TaskPart2Tests */,
				A4F0386025DB9E3D00AC7587 /* TaskPart2UITests */,
			);
		};
/* End PBXProject section */

/* Begin PBXResourcesBuildPhase section */
		A4F0383E25DB9E3A00AC7587 /* Resources */ = {
			isa = PBXResourcesBuildPhase;
			buildActionMask = 2147483647;
			files = (
				A4F0385025DB9E3C00AC7587 /* LaunchScreen.storyboard in Resources */,
				A4F0384D25DB9E3C00AC7587 /* Assets.xcassets in Resources */,
				A4F0384B25DB9E3A00AC7587 /* Main.storyboard in Resources */,
			);
			runOnlyForDeploymentPostprocessing = 0;
		};
		A4F0385425DB9E3D00AC7587 /* Resources */ = {
			isa = PBXResourcesBuildPhase;
			buildActionMask = 2147483647;
			files = (
			);
			runOnlyForDeploymentPostprocessing = 0;
		};
		A4F0385F25DB9E3D00AC7587 /* Resources */ = {
			isa = PBXResourcesBuildPhase;
			buildActionMask = 2147483647;
			files = (
			);
			runOnlyForDeploymentPostprocessing = 0;
		};
/* End PBXResourcesBuildPhase section */

/* Begin PBXSourcesBuildPhase section */
		A4F0383C25DB9E3A00AC7587 /* Sources */ = {
			isa = PBXSourcesBuildPhase;
			buildActionMask = 2147483647;
			files = (
				A4F0384825DB9E3A00AC7587 /* ViewController.swift in Sources */,
				A4F0384425DB9E3A00AC7587 /* AppDelegate.swift in Sources */,
				A4F0384625DB9E3A00AC7587 /* SceneDelegate.swift in Sources */,
			);
			runOnlyForDeploymentPostprocessing = 0;
		};
		A4F0385225DB9E3D00AC7587 /* Sources */ = {
			isa = PBXSourcesBuildPhase;
			buildActionMask = 2147483647;
			files = (
				A4F0385B25DB9E3D00AC7587 /* TaskPart2Tests.swift in Sources */,
			);
			runOnlyForDeploymentPostprocessing = 0;
		};
		A4F0385D25DB9E3D00AC7587 /* Sources */ = {
			isa = PBXSourcesBuildPhase;
			buildActionMask = 2147483647;
			files = (
				A4F0386625DB9E3D00AC7587 /* TaskPart2UITests.swift in Sources */,
			);
			runOnlyForDeploymentPostprocessing = 0;
		};
/* End PBXSourcesBuildPhase section */

/* Begin PBXTargetDependency section */
		A4F0385825DB9E3D00AC7587 /* PBXTargetDependency */ = {
			isa = PBXTargetDependency;
			target = A4F0383F25DB9E3A00AC7587 /* TaskPart2 */;
			targetProxy = A4F0385725DB9E3D00AC7587 /* PBXContainerItemProxy */;
		};
		A4F0386325DB9E3D00AC7587 /* PBXTargetDependency */ = {
			isa = PBXTargetDependency;
			target = A4F0383F25DB9E3A00AC7587 /* TaskPart2 */;
			targetProxy = A4F0386225DB9E3D00AC7587 /* PBXContainerItemProxy */;
		};
/* End PBXTargetDependency section */

/* Begin PBXVariantGroup section */
		A4F0384925DB9E3A00AC7587 /* Main.storyboard */ = {
			isa = PBXVariantGroup;
			children = (
				A4F0384A25DB9E3A00AC7587 /* Base */,
			);
			name = Main.storyboard;
			sourceTree = "<group>";
		};
		A4F0384E25DB9E3C00AC7587 /* LaunchScreen.storyboard */ = {
			isa = PBXVariantGroup;
			children = (
				A4F0384F25DB9E3C00AC7587 /* Base */,
			);
			name = LaunchScreen.storyboard;
			sourceTree = "<group>";
		};
/* End PBXVariantGroup section */

/* Begin XCBuildConfiguration section */
		A4F0386825DB9E3D00AC7587 /* Debug */ = {
			isa = XCBuildConfiguration;
			buildSettings = {
				ALWAYS_SEARCH_USER_PATHS = NO;
				CLANG_ANALYZER_NONNULL = YES;
				CLANG_ANALYZER_NUMBER_OBJECT_CONVERSION = YES_AGGRESSIVE;
				CLANG_CXX_LANGUAGE_STANDARD = "gnu++14";
				CLANG_CXX_LIBRARY = "libc++";
				CLANG_ENABLE_MODULES = YES;
				CLANG_ENABLE_OBJC_ARC = YES;
				CLANG_ENABLE_OBJC_WEAK = YES;
				CLANG_WARN_BLOCK_CAPTURE_AUTORELEASING = YES;
				CLANG_WARN_BOOL_CONVERSION = YES;
				CLANG_WARN_COMMA = YES;
				CLANG_WARN_CONSTANT_CONVERSION = YES;
				CLANG_WARN_DEPRECATED_OBJC_IMPLEMENTATIONS = YES;
				CLANG_WARN_DIRECT_OBJC_ISA_USAGE = YES_ERROR;
				CLANG_WARN_DOCUMENTATION_COMMENTS = YES;
				CLANG_WARN_EMPTY_BODY = YES;
				CLANG_WARN_ENUM_CONVERSION = YES;
				CLANG_WARN_INFINITE_RECURSION = YES;
				CLANG_WARN_INT_CONVERSION = YES;
				CLANG_WARN_NON_LITERAL_NULL_CONVERSION = YES;
				CLANG_WARN_OBJC_IMPLICIT_RETAIN_SELF = YES;
				CLANG_WARN_OBJC_LITERAL_CONVERSION = YES;
				CLANG_WARN_OBJC_ROOT_CLASS = YES_ERROR;
				CLANG_WARN_QUOTED_INCLUDE_IN_FRAMEWORK_HEADER = YES;
				CLANG_WARN_RANGE_LOOP_ANALYSIS = YES;
				CLANG_WARN_STRICT_PROTOTYPES = YES;
				CLANG_WARN_SUSPICIOUS_MOVE = YES;
				CLANG_WARN_UNGUARDED_AVAILABILITY = YES_AGGRESSIVE;
				CLANG_WARN_UNREACHABLE_CODE = YES;
				CLANG_WARN__DUPLICATE_METHOD_MATCH = YES;
				COPY_PHASE_STRIP = NO;
				DEBUG_INFORMATION_FORMAT = dwarf;
				ENABLE_STRICT_OBJC_MSGSEND = YES;
				ENABLE_TESTABILITY = YES;
				GCC_C_LANGUAGE_STANDARD = gnu11;
				GCC_DYNAMIC_NO_PIC = NO;
				GCC_NO_COMMON_BLOCKS = YES;
				GCC_OPTIMIZATION_LEVEL = 0;
				GCC_PREPROCESSOR_DEFINITIONS = (
					"DEBUG=1",
					"$(inherited)",
				);
				GCC_WARN_64_TO_32_BIT_CONVERSION = YES;
				GCC_WARN_ABOUT_RETURN_TYPE = YES_ERROR;
				GCC_WARN_UNDECLARED_SELECTOR = YES;
				GCC_WARN_UNINITIALIZED_AUTOS = YES_AGGRESSIVE;
				GCC_WARN_UNUSED_FUNCTION = YES;
				GCC_WARN_UNUSED_VARIABLE = YES;
				IPHONEOS_DEPLOYMENT_TARGET = 14.4;
				MTL_ENABLE_DEBUG_INFO = INCLUDE_SOURCE;
				MTL_FAST_MATH = YES;
				ONLY_ACTIVE_ARCH = YES;
				SDKROOT = iphoneos;
				SWIFT_ACTIVE_COMPILATION_CONDITIONS = DEBUG;
				SWIFT_OPTIMIZATION_LEVEL = "-Onone";
			};
			name = Debug;
		};
		A4F0386925DB9E3D00AC7587 /* Release */ = {
			isa = XCBuildConfiguration;
			buildSettings = {
				ALWAYS_SEARCH_USER_PATHS = NO;
				CLANG_ANALYZER_NONNULL = YES;
				CLANG_ANALYZER_NUMBER_OBJECT_CONVERSION = YES_AGGRESSIVE;
				CLANG_CXX_LANGUAGE_STANDARD = "gnu++14";
				CLANG_CXX_LIBRARY = "libc++";
				CLANG_ENABLE_MODULES = YES;
				CLANG_ENABLE_OBJC_ARC = YES;
				CLANG_ENABLE_OBJC_WEAK = YES;
				CLANG_WARN_BLOCK_CAPTURE_AUTORELEASING = YES;
				CLANG_WARN_BOOL_CONVERSION = YES;
				CLANG_WARN_COMMA = YES;
				CLANG_WARN_CONSTANT_CONVERSION = YES;
				CLANG_WARN_DEPRECATED_OBJC_IMPLEMENTATIONS = YES;
				CLANG_WARN_DIRECT_OBJC_ISA_USAGE = YES_ERROR;
				CLANG_WARN_DOCUMENTATION_COMMENTS = YES;
				CLANG_WARN_EMPTY_BODY = YES;
				CLANG_WARN_ENUM_CONVERSION = YES;
				CLANG_WARN_INFINITE_RECURSION = YES;
				CLANG_WARN_INT_CONVERSION = YES;
				CLANG_WARN_NON_LITERAL_NULL_CONVERSION = YES;
				CLANG_WARN_OBJC_IMPLICIT_RETAIN_SELF = YES;
				CLANG_WARN_OBJC_LITERAL_CONVERSION = YES;
				CLANG_WARN_OBJC_ROOT_CLASS = YES_ERROR;
				CLANG_WARN_QUOTED_INCLUDE_IN_FRAMEWORK_HEADER = YES;
				CLANG_WARN_RANGE_LOOP_ANALYSIS = YES;
				CLANG_WARN_STRICT_PROTOTYPES = YES;
				CLANG_WARN_SUSPICIOUS_MOVE = YES;
				CLANG_WARN_UNGUARDED_AVAILABILITY = YES_AGGRESSIVE;
				CLANG_WARN_UNREACHABLE_CODE = YES;
				CLANG_WARN__DUPLICATE_METHOD_MATCH = YES;
				COPY_PHASE_STRIP = NO;
				DEBUG_INFORMATION_FORMAT = "dwarf-with-dsym";
				ENABLE_NS_ASSERTIONS = NO;
				ENABLE_STRICT_OBJC_MSGSEND = YES;
				GCC_C_LANGUAGE_STANDARD = gnu11;
				GCC_NO_COMMON_BLOCKS = YES;
				GCC_WARN_64_TO_32_BIT_CONVERSION = YES;
				GCC_WARN_ABOUT_RETURN_TYPE = YES_ERROR;
				GCC_WARN_UNDECLARED_SELECTOR = YES;
				GCC_WARN_UNINITIALIZED_AUTOS = YES_AGGRESSIVE;
				GCC_WARN_UNUSED_FUNCTION = YES;
				GCC_WARN_UNUSED_VARIABLE = YES;
				IPHONEOS_DEPLOYMENT_TARGET = 14.4;
				MTL_ENABLE_DEBUG_INFO = NO;
				MTL_FAST_MATH = YES;
				SDKROOT = iphoneos;
				SWIFT_COMPILATION_MODE = wholemodule;
				SWIFT_OPTIMIZATION_LEVEL = "-O";
				VALIDATE_PRODUCT = YES;
			};
			name = Release;
		};
		A4F0386B25DB9E3D00AC7587 /* Debug */ = {
			isa = XCBuildConfiguration;
			buildSettings = {
				ASSETCATALOG_COMPILER_APPICON_NAME = AppIcon;
				ASSETCATALOG_COMPILER_GLOBAL_ACCENT_COLOR_NAME = AccentColor;
				CODE_SIGN_STYLE = Automatic;
				DEVELOPMENT_TEAM = 8HSC6WJMH6;
				INFOPLIST_FILE = TaskPart2/Info.plist;
				LD_RUNPATH_SEARCH_PATHS = (
					"$(inherited)",
					"@executable_path/Frameworks",
				);
				PRODUCT_BUNDLE_IDENTIFIER = jp.techacademy.kazuma.miura2.TaskPart2;
				PRODUCT_NAME = "$(TARGET_NAME)";
				SWIFT_VERSION = 5.0;
				TARGETED_DEVICE_FAMILY = "1,2";
			};
			name = Debug;
		};
		A4F0386C25DB9E3D00AC7587 /* Release */ = {
			isa = XCBuildConfiguration;
			buildSettings = {
				ASSETCATALOG_COMPILER_APPICON_NAME = AppIcon;
				ASSETCATALOG_COMPILER_GLOBAL_ACCENT_COLOR_NAME = AccentColor;
				CODE_SIGN_STYLE = Automatic;
				DEVELOPMENT_TEAM = 8HSC6WJMH6;
				INFOPLIST_FILE = TaskPart2/Info.plist;
				LD_RUNPATH_SEARCH_PATHS = (
					"$(inherited)",
					"@executable_path/Frameworks",
				);
				PRODUCT_BUNDLE_IDENTIFIER = jp.techacademy.kazuma.miura2.TaskPart2;
				PRODUCT_NAME = "$(TARGET_NAME)";
				SWIFT_VERSION = 5.0;
				TARGETED_DEVICE_FAMILY = "1,2";
			};
			name = Release;
		};
		A4F0386E25DB9E3D00AC7587 /* Debug */ = {
			isa = XCBuildConfiguration;
			buildSettings = {
				ALWAYS_EMBED_SWIFT_STANDARD_LIBRARIES = YES;
				BUNDLE_LOADER = "$(TEST_HOST)";
				CODE_SIGN_STYLE = Automatic;
				DEVELOPMENT_TEAM = 8HSC6WJMH6;
				INFOPLIST_FILE = TaskPart2Tests/Info.plist;
				IPHONEOS_DEPLOYMENT_TARGET = 14.4;
				LD_RUNPATH_SEARCH_PATHS = (
					"$(inherited)",
					"@executable_path/Frameworks",
					"@loader_path/Frameworks",
				);
				PRODUCT_BUNDLE_IDENTIFIER = jp.techacademy.kazuma.miura2.TaskPart2Tests;
				PRODUCT_NAME = "$(TARGET_NAME)";
				SWIFT_VERSION = 5.0;
				TARGETED_DEVICE_FAMILY = "1,2";
				TEST_HOST = "$(BUILT_PRODUCTS_DIR)/TaskPart2.app/TaskPart2";
			};
			name = Debug;
		};
		A4F0386F25DB9E3D00AC7587 /* Release */ = {
			isa = XCBuildConfiguration;
			buildSettings = {
				ALWAYS_EMBED_SWIFT_STANDARD_LIBRARIES = YES;
				BUNDLE_LOADER = "$(TEST_HOST)";
				CODE_SIGN_STYLE = Automatic;
				DEVELOPMENT_TEAM = 8HSC6WJMH6;
				INFOPLIST_FILE = TaskPart2Tests/Info.plist;
				IPHONEOS_DEPLOYMENT_TARGET = 14.4;
				LD_RUNPATH_SEARCH_PATHS = (
					"$(inherited)",
					"@executable_path/Frameworks",
					"@loader_path/Frameworks",
				);
				PRODUCT_BUNDLE_IDENTIFIER = jp.techacademy.kazuma.miura2.TaskPart2Tests;
				PRODUCT_NAME = "$(TARGET_NAME)";
				SWIFT_VERSION = 5.0;
				TARGETED_DEVICE_FAMILY = "1,2";
				TEST_HOST = "$(BUILT_PRODUCTS_DIR)/TaskPart2.app/TaskPart2";
			};
			name = Release;
		};
		A4F0387125DB9E3D00AC7587 /* Debug */ = {
			isa = XCBuildConfiguration;
			buildSettings = {
				ALWAYS_EMBED_SWIFT_STANDARD_LIBRARIES = YES;
				CODE_SIGN_STYLE = Automatic;
				DEVELOPMENT_TEAM = 8HSC6WJMH6;
				INFOPLIST_FILE = TaskPart2UITests/Info.plist;
				LD_RUNPATH_SEARCH_PATHS = (
					"$(inherited)",
					"@executable_path/Frameworks",
					"@loader_path/Frameworks",
				);
				PRODUCT_BUNDLE_IDENTIFIER = jp.techacademy.kazuma.miura2.TaskPart2UITests;
				PRODUCT_NAME = "$(TARGET_NAME)";
				SWIFT_VERSION = 5.0;
				TARGETED_DEVICE_FAMILY = "1,2";
				TEST_TARGET_NAME = TaskPart2;
			};
			name = Debug;
		};
		A4F0387225DB9E3D00AC7587 /* Release */ = {
			isa = XCBuildConfiguration;
			buildSettings = {
				ALWAYS_EMBED_SWIFT_STANDARD_LIBRARIES = YES;
				CODE_SIGN_STYLE = Automatic;
				DEVELOPMENT_TEAM = 8HSC6WJMH6;
				INFOPLIST_FILE = TaskPart2UITests/Info.plist;
				LD_RUNPATH_SEARCH_PATHS = (
					"$(inherited)",
					"@executable_path/Frameworks",
					"@loader_path/Frameworks",
				);
				PRODUCT_BUNDLE_IDENTIFIER = jp.techacademy.kazuma.miura2.TaskPart2UITests;
				PRODUCT_NAME = "$(TARGET_NAME)";
				SWIFT_VERSION = 5.0;
				TARGETED_DEVICE_FAMILY = "1,2";
				TEST_TARGET_NAME = TaskPart2;
			};
			name = Release;
		};
/* End XCBuildConfiguration section */

/* Begin XCConfigurationList section */
		A4F0383B25DB9E3A00AC7587 /* Build configuration list for PBXProject "TaskPart2" */ = {
			isa = XCConfigurationList;
			buildConfigurations = (
				A4F0386825DB9E3D00AC7587 /* Debug */,
				A4F0386925DB9E3D00AC7587 /* Release */,
			);
			defaultConfigurationIsVisible = 0;
			defaultConfigurationName = Release;
		};
		A4F0386A25DB9E3D00AC7587 /* Build configuration list for PBXNativeTarget "TaskPart2" */ = {
			isa = XCConfigurationList;
			buildConfigurations = (
				A4F0386B25DB9E3D00AC7587 /* Debug */,
				A4F0386C25DB9E3D00AC7587 /* Release */,
			);
			defaultConfigurationIsVisible = 0;
			defaultConfigurationName = Release;
		};
		A4F0386D25DB9E3D00AC7587 /* Build configuration list for PBXNativeTarget "TaskPart2Tests" */ = {
			isa = XCConfigurationList;
			buildConfigurations = (
				A4F0386E25DB9E3D00AC7587 /* Debug */,
				A4F0386F25DB9E3D00AC7587 /* Release */,
			);
			defaultConfigurationIsVisible = 0;
			defaultConfigurationName = Release;
		};
		A4F0387025DB9E3D00AC7587 /* Build configuration list for PBXNativeTarget "TaskPart2UITests" */ = {
			isa = XCConfigurationList;
			buildConfigurations = (
				A4F0387125DB9E3D00AC7587 /* Debug */,
				A4F0387225DB9E3D00AC7587 /* Release */,
			);
			defaultConfigurationIsVisible = 0;
			defaultConfigurationName = Release;
		};
/* End XCConfigurationList section */
	};
	rootObject = A4F0383825DB9E3A00AC7587 /* Project object */;
}
